
Microsoft Visual Studio Solution File, Format Version 12.00
# Visual Studio Version 16
VisualStudioVersion = 16.0.31515.178
MinimumVisualStudioVersion = 10.0.40219.1
Project("{FAE04EC0-301F-11D3-BF4B-00C04F79EFBC}") = "NUSdownload", "NUSdownload.csproj", "{0F46B591-C21A-4D37-B2B9-3D9ADA7C85BF}"
EndProject
Global
	GlobalSection(SolutionConfigurationPlatforms) = preSolution
		Debug|Any CPU = Debug|Any CPU
		Release|Any CPU = Release|Any CPU
	EndGlobalSection
	GlobalSection(ProjectConfigurationPlatforms) = postSolution
		{0F46B591-C21A-4D37-B2B9-3D9ADA7C85BF}.Debug|Any CPU.ActiveCfg = Debug|Any CPU
		{0F46B591-C21A-4D37-B2B9-3D9ADA7C85BF}.Debug|Any CPU.Build.0 = Debug|Any CPU
		{0F46B591-C21A-4D37-B2B9-3D9ADA7C85BF}.Release|Any CPU.ActiveCfg = Release|Any CPU
		{0F46B591-C21A-4D37-B2B9-3D9ADA7C85BF}.Release|Any CPU.Build.0 = Release|Any CPU
	EndGlobalSection
	GlobalSection(SolutionProperties) = preSolution
		HideSolutionNode = FALSE
	EndGlobalSection
	GlobalSection(ExtensibilityGlobals) = postSolution
		SolutionGuid = {A16B99F7-274A-41E0-A6E1-F7782F180540}
	EndGlobalSection
EndGlobal
